// !$*UTF8*$!
{
	archiveVersion = 1;
	classes = {
	};
	objectVersion = 46;
	objects = {

/* Begin PBXBuildFile section */
		3651BB501D0742E200668596 /* main.m in Sources */ = {isa = PBXBuildFile; fileRef = 3651BB4F1D0742E200668596 /* main.m */; };
		3651BB531D0742E200668596 /* AppDelegate.m in Sources */ = {isa = PBXBuildFile; fileRef = 3651BB521D0742E200668596 /* AppDelegate.m */; };
		3651BB591D0742E200668596 /* Main.storyboard in Resources */ = {isa = PBXBuildFile; fileRef = 3651BB571D0742E200668596 /* Main.storyboard */; };
		3651BB5B1D0742E200668596 /* Assets.xcassets in Resources */ = {isa = PBXBuildFile; fileRef = 3651BB5A1D0742E200668596 /* Assets.xcassets */; };
		3651BB5E1D0742E200668596 /* LaunchScreen.storyboard in Resources */ = {isa = PBXBuildFile; fileRef = 3651BB5C1D0742E200668596 /* LaunchScreen.storyboard */; };
		3651BB691D0742E200668596 /* StaticCellsTests.m in Sources */ = {isa = PBXBuildFile; fileRef = 3651BB681D0742E200668596 /* StaticCellsTests.m */; };
		3651BB741D0742E200668596 /* StaticCellsUITests.m in Sources */ = {isa = PBXBuildFile; fileRef = 3651BB731D0742E200668596 /* StaticCellsUITests.m */; };
		3651BB831D0743E800668596 /* FISStaticCellsTableViewController.m in Sources */ = {isa = PBXBuildFile; fileRef = 3651BB821D0743E800668596 /* FISStaticCellsTableViewController.m */; };
/* End PBXBuildFile section */

/* Begin PBXContainerItemProxy section */
		3651BB651D0742E200668596 /* PBXContainerItemProxy */ = {
			isa = PBXContainerItemProxy;
			containerPortal = 3651BB431D0742E100668596 /* Project object */;
			proxyType = 1;
			remoteGlobalIDString = 3651BB4A1D0742E200668596;
			remoteInfo = StaticCells;
		};
		3651BB701D0742E200668596 /* PBXContainerItemProxy */ = {
			isa = PBXContainerItemProxy;
			containerPortal = 3651BB431D0742E100668596 /* Project object */;
			proxyType = 1;
			remoteGlobalIDString = 3651BB4A1D0742E200668596;
			remoteInfo = StaticCells;
		};
/* End PBXContainerItemProxy section */

/* Begin PBXFileReference section */
		3651BB4B1D0742E200668596 /* StaticCells.app */ = {isa = PBXFileReference; explicitFileType = wrapper.application; includeInIndex = 0; path = StaticCells.app; sourceTree = BUILT_PRODUCTS_DIR; };
		3651BB4F1D0742E200668596 /* main.m */ = {isa = PBXFileReference; lastKnownFileType = sourcecode.c.objc; path = main.m; sourceTree = "<group>"; };
		3651BB511D0742E200668596 /* AppDelegate.h */ = {isa = PBXFileReference; lastKnownFileType = sourcecode.c.h; path = AppDelegate.h; sourceTree = "<group>"; };
		3651BB521D0742E200668596 /* AppDelegate.m */ = {isa = PBXFileReference; lastKnownFileType = sourcecode.c.objc; path = AppDelegate.m; sourceTree = "<group>"; };
		3651BB581D0742E200668596 /* Base */ = {isa = PBXFileReference; lastKnownFileType = file.storyboard; name = Base; path = Base.lproj/Main.storyboard; sourceTree = "<group>"; };
		3651BB5A1D0742E200668596 /* Assets.xcassets */ = {isa = PBXFileReference; lastKnownFileType = folder.assetcatalog; path = Assets.xcassets; sourceTree = "<group>"; };
		3651BB5D1D0742E200668596 /* Base */ = {isa = PBXFileReference; lastKnownFileType = file.storyboard; name = Base; path = Base.lproj/LaunchScreen.storyboard; sourceTree = "<group>"; };
		3651BB5F1D0742E200668596 /* Info.plist */ = {isa = PBXFileReference; lastKnownFileType = text.plist.xml; path = Info.plist; sourceTree = "<group>"; };
		3651BB641D0742E200668596 /* StaticCellsTests.xctest */ = {isa = PBXFileReference; explicitFileType = wrapper.cfbundle; includeInIndex = 0; path = StaticCellsTests.xctest; sourceTree = BUILT_PRODUCTS_DIR; };
		3651BB681D0742E200668596 /* StaticCellsTests.m */ = {isa = PBXFileReference; lastKnownFileType = sourcecode.c.objc; path = StaticCellsTests.m; sourceTree = "<group>"; };
		3651BB6A1D0742E200668596 /* Info.plist */ = {isa = PBXFileReference; lastKnownFileType = text.plist.xml; path = Info.plist; sourceTree = "<group>"; };
		3651BB6F1D0742E200668596 /* StaticCellsUITests.xctest */ = {isa = PBXFileReference; explicitFileType = wrapper.cfbundle; includeInIndex = 0; path = StaticCellsUITests.xctest; sourceTree = BUILT_PRODUCTS_DIR; };
		3651BB731D0742E200668596 /* StaticCellsUITests.m */ = {isa = PBXFileReference; lastKnownFileType = sourcecode.c.objc; path = StaticCellsUITests.m; sourceTree = "<group>"; };
		3651BB751D0742E200668596 /* Info.plist */ = {isa = PBXFileReference; lastKnownFileType = text.plist.xml; path = Info.plist; sourceTree = "<group>"; };
		3651BB811D0743E800668596 /* FISStaticCellsTableViewController.h */ = {isa = PBXFileReference; fileEncoding = 4; lastKnownFileType = sourcecode.c.h; path = FISStaticCellsTableViewController.h; sourceTree = "<group>"; };
		3651BB821D0743E800668596 /* FISStaticCellsTableViewController.m */ = {isa = PBXFileReference; fileEncoding = 4; lastKnownFileType = sourcecode.c.objc; path = FISStaticCellsTableViewController.m; sourceTree = "<group>"; };
/* End PBXFileReference section */

/* Begin PBXFrameworksBuildPhase section */
		3651BB481D0742E200668596 /* Frameworks */ = {
			isa = PBXFrameworksBuildPhase;
			buildActionMask = 2147483647;
			files = (
			);
			runOnlyForDeploymentPostprocessing = 0;
		};
		3651BB611D0742E200668596 /* Frameworks */ = {
			isa = PBXFrameworksBuildPhase;
			buildActionMask = 2147483647;
			files = (
			);
			runOnlyForDeploymentPostprocessing = 0;
		};
		3651BB6C1D0742E200668596 /* Frameworks */ = {
			isa = PBXFrameworksBuildPhase;
			buildActionMask = 2147483647;
			files = (
			);
			runOnlyForDeploymentPostprocessing = 0;
		};
/* End PBXFrameworksBuildPhase section */

/* Begin PBXGroup section */
		3651BB421D0742E100668596 = {
			isa = PBXGroup;
			children = (
				3651BB4D1D0742E200668596 /* StaticCells */,
				3651BB671D0742E200668596 /* StaticCellsTests */,
				3651BB721D0742E200668596 /* StaticCellsUITests */,
				3651BB4C1D0742E200668596 /* Products */,
			);
			sourceTree = "<group>";
		};
		3651BB4C1D0742E200668596 /* Products */ = {
			isa = PBXGroup;
			children = (
				3651BB4B1D0742E200668596 /* StaticCells.app */,
				3651BB641D0742E200668596 /* StaticCellsTests.xctest */,
				3651BB6F1D0742E200668596 /* StaticCellsUITests.xctest */,
			);
			name = Products;
			sourceTree = "<group>";
		};
		3651BB4D1D0742E200668596 /* StaticCells */ = {
			isa = PBXGroup;
			children = (
				3651BB511D0742E200668596 /* AppDelegate.h */,
				3651BB521D0742E200668596 /* AppDelegate.m */,
				3651BB571D0742E200668596 /* Main.storyboard */,
				3651BB5A1D0742E200668596 /* Assets.xcassets */,
				3651BB5C1D0742E200668596 /* LaunchScreen.storyboard */,
				3651BB5F1D0742E200668596 /* Info.plist */,
				3651BB4E1D0742E200668596 /* Supporting Files */,
				3651BB811D0743E800668596 /* FISStaticCellsTableViewController.h */,
				3651BB821D0743E800668596 /* FISStaticCellsTableViewController.m */,
			);
			path = StaticCells;
			sourceTree = "<group>";
		};
		3651BB4E1D0742E200668596 /* Supporting Files */ = {
			isa = PBXGroup;
			children = (
				3651BB4F1D0742E200668596 /* main.m */,
			);
			name = "Supporting Files";
			sourceTree = "<group>";
		};
		3651BB671D0742E200668596 /* StaticCellsTests */ = {
			isa = PBXGroup;
			children = (
				3651BB681D0742E200668596 /* StaticCellsTests.m */,
				3651BB6A1D0742E200668596 /* Info.plist */,
			);
			path = StaticCellsTests;
			sourceTree = "<group>";
		};
		3651BB721D0742E200668596 /* StaticCellsUITests */ = {
			isa = PBXGroup;
			children = (
				3651BB731D0742E200668596 /* StaticCellsUITests.m */,
				3651BB751D0742E200668596 /* Info.plist */,
			);
			path = StaticCellsUITests;
			sourceTree = "<group>";
		};
/* End PBXGroup section */

/* Begin PBXNativeTarget section */
		3651BB4A1D0742E200668596 /* StaticCells */ = {
			isa = PBXNativeTarget;
			buildConfigurationList = 3651BB781D0742E200668596 /* Build configuration list for PBXNativeTarget "StaticCells" */;
			buildPhases = (
				3651BB471D0742E200668596 /* Sources */,
				3651BB481D0742E200668596 /* Frameworks */,
				3651BB491D0742E200668596 /* Resources */,
			);
			buildRules = (
			);
			dependencies = (
			);
			name = StaticCells;
			productName = StaticCells;
			productReference = 3651BB4B1D0742E200668596 /* StaticCells.app */;
			productType = "com.apple.product-type.application";
		};
		3651BB631D0742E200668596 /* StaticCellsTests */ = {
			isa = PBXNativeTarget;
			buildConfigurationList = 3651BB7B1D0742E200668596 /* Build configuration list for PBXNativeTarget "StaticCellsTests" */;
			buildPhases = (
				3651BB601D0742E200668596 /* Sources */,
				3651BB611D0742E200668596 /* Frameworks */,
				3651BB621D0742E200668596 /* Resources */,
			);
			buildRules = (
			);
			dependencies = (
				3651BB661D0742E200668596 /* PBXTargetDependency */,
			);
			name = StaticCellsTests;
			productName = StaticCellsTests;
			productReference = 3651BB641D0742E200668596 /* StaticCellsTests.xctest */;
			productType = "com.apple.product-type.bundle.unit-test";
		};
		3651BB6E1D0742E200668596 /* StaticCellsUITests */ = {
			isa = PBXNativeTarget;
			buildConfigurationList = 3651BB7E1D0742E200668596 /* Build configuration list for PBXNativeTarget "StaticCellsUITests" */;
			buildPhases = (
				3651BB6B1D0742E200668596 /* Sources */,
				3651BB6C1D0742E200668596 /* Frameworks */,
				3651BB6D1D0742E200668596 /* Resources */,
			);
			buildRules = (
			);
			dependencies = (
				3651BB711D0742E200668596 /* PBXTargetDependency */,
			);
			name = StaticCellsUITests;
			productName = StaticCellsUITests;
			productReference = 3651BB6F1D0742E200668596 /* StaticCellsUITests.xctest */;
			productType = "com.apple.product-type.bundle.ui-testing";
		};
/* End PBXNativeTarget section */

/* Begin PBXProject section */
		3651BB431D0742E100668596 /* Project object */ = {
			isa = PBXProject;
			attributes = {
				LastUpgradeCheck = 0730;
				ORGANIZATIONNAME = "John Richardson";
				TargetAttributes = {
					3651BB4A1D0742E200668596 = {
						CreatedOnToolsVersion = 7.3.1;
					};
					3651BB631D0742E200668596 = {
						CreatedOnToolsVersion = 7.3.1;
						TestTargetID = 3651BB4A1D0742E200668596;
					};
					3651BB6E1D0742E200668596 = {
						CreatedOnToolsVersion = 7.3.1;
						TestTargetID = 3651BB4A1D0742E200668596;
					};
				};
			};
			buildConfigurationList = 3651BB461D0742E100668596 /* Build configuration list for PBXProject "StaticCells" */;
			compatibilityVersion = "Xcode 3.2";
			developmentRegion = English;
			hasScannedForEncodings = 0;
			knownRegions = (
				en,
				Base,
			);
			mainGroup = 3651BB421D0742E100668596;
			productRefGroup = 3651BB4C1D0742E200668596 /* Products */;
			projectDirPath = "";
			projectRoot = "";
			targets = (
				3651BB4A1D0742E200668596 /* StaticCells */,
				3651BB631D0742E200668596 /* StaticCellsTests */,
				3651BB6E1D0742E200668596 /* StaticCellsUITests */,
			);
		};
/* End PBXProject section */

/* Begin PBXResourcesBuildPhase section */
		3651BB491D0742E200668596 /* Resources */ = {
			isa = PBXResourcesBuildPhase;
			buildActionMask = 2147483647;
			files = (
				3651BB5E1D0742E200668596 /* LaunchScreen.storyboard in Resources */,
				3651BB5B1D0742E200668596 /* Assets.xcassets in Resources */,
				3651BB591D0742E200668596 /* Main.storyboard in Resources */,
			);
			runOnlyForDeploymentPostprocessing = 0;
		};
		3651BB621D0742E200668596 /* Resources */ = {
			isa = PBXResourcesBuildPhase;
			buildActionMask = 2147483647;
			files = (
			);
			runOnlyForDeploymentPostprocessing = 0;
		};
		3651BB6D1D0742E200668596 /* Resources */ = {
			isa = PBXResourcesBuildPhase;
			buildActionMask = 2147483647;
			files = (
			);
			runOnlyForDeploymentPostprocessing = 0;
		};
/* End PBXResourcesBuildPhase section */

/* Begin PBXSourcesBuildPhase section */
		3651BB471D0742E200668596 /* Sources */ = {
			isa = PBXSourcesBuildPhase;
			buildActionMask = 2147483647;
			files = (
				3651BB531D0742E200668596 /* AppDelegate.m in Sources */,
				3651BB831D0743E800668596 /* FISStaticCellsTableViewController.m in Sources */,
				3651BB501D0742E200668596 /* main.m in Sources */,
			);
			runOnlyForDeploymentPostprocessing = 0;
		};
		3651BB601D0742E200668596 /* Sources */ = {
			isa = PBXSourcesBuildPhase;
			buildActionMask = 2147483647;
			files = (
				3651BB691D0742E200668596 /* StaticCellsTests.m in Sources */,
			);
			runOnlyForDeploymentPostprocessing = 0;
		};
		3651BB6B1D0742E200668596 /* Sources */ = {
			isa = PBXSourcesBuildPhase;
			buildActionMask = 2147483647;
			files = (
				3651BB741D0742E200668596 /* StaticCellsUITests.m in Sources */,
			);
			runOnlyForDeploymentPostprocessing = 0;
		};
/* End PBXSourcesBuildPhase section */

/* Begin PBXTargetDependency section */
		3651BB661D0742E200668596 /* PBXTargetDependency */ = {
			isa = PBXTargetDependency;
			target = 3651BB4A1D0742E200668596 /* StaticCells */;
			targetProxy = 3651BB651D0742E200668596 /* PBXContainerItemProxy */;
		};
		3651BB711D0742E200668596 /* PBXTargetDependency */ = {
			isa = PBXTargetDependency;
			target = 3651BB4A1D0742E200668596 /* StaticCells */;
			targetProxy = 3651BB701D0742E200668596 /* PBXContainerItemProxy */;
		};
/* End PBXTargetDependency section */

/* Begin PBXVariantGroup section */
		3651BB571D0742E200668596 /* Main.storyboard */ = {
			isa = PBXVariantGroup;
			children = (
				3651BB581D0742E200668596 /* Base */,
			);
			name = Main.storyboard;
			sourceTree = "<group>";
		};
		3651BB5C1D0742E200668596 /* LaunchScreen.storyboard */ = {
			isa = PBXVariantGroup;
			children = (
				3651BB5D1D0742E200668596 /* Base */,
			);
			name = LaunchScreen.storyboard;
			sourceTree = "<group>";
		};
/* End PBXVariantGroup section */

/* Begin XCBuildConfiguration section */
		3651BB761D0742E200668596 /* Debug */ = {
			isa = XCBuildConfiguration;
			buildSettings = {
				ALWAYS_SEARCH_USER_PATHS = NO;
				CLANG_ANALYZER_NONNULL = YES;
				CLANG_CXX_LANGUAGE_STANDARD = "gnu++0x";
				CLANG_CXX_LIBRARY = "libc++";
				CLANG_ENABLE_MODULES = YES;
				CLANG_ENABLE_OBJC_ARC = YES;
				CLANG_WARN_BOOL_CONVERSION = YES;
				CLANG_WARN_CONSTANT_CONVERSION = YES;
				CLANG_WARN_DIRECT_OBJC_ISA_USAGE = YES_ERROR;
				CLANG_WARN_EMPTY_BODY = YES;
				CLANG_WARN_ENUM_CONVERSION = YES;
				CLANG_WARN_INT_CONVERSION = YES;
				CLANG_WARN_OBJC_ROOT_CLASS = YES_ERROR;
				CLANG_WARN_UNREACHABLE_CODE = YES;
				CLANG_WARN__DUPLICATE_METHOD_MATCH = YES;
				"CODE_SIGN_IDENTITY[sdk=iphoneos*]" = "iPhone Developer";
				COPY_PHASE_STRIP = NO;
				DEBUG_INFORMATION_FORMAT = dwarf;
				ENABLE_STRICT_OBJC_MSGSEND = YES;
				ENABLE_TESTABILITY = YES;
				GCC_C_LANGUAGE_STANDARD = gnu99;
				GCC_DYNAMIC_NO_PIC = NO;
				GCC_NO_COMMON_BLOCKS = YES;
				GCC_OPTIMIZATION_LEVEL = 0;
				GCC_PREPROCESSOR_DEFINITIONS = (
					"DEBUG=1",
					"$(inherited)",
				);
				GCC_WARN_64_TO_32_BIT_CONVERSION = YES;
				GCC_WARN_ABOUT_RETURN_TYPE = YES_ERROR;
				GCC_WARN_UNDECLARED_SELECTOR = YES;
				GCC_WARN_UNINITIALIZED_AUTOS = YES_AGGRESSIVE;
				GCC_WARN_UNUSED_FUNCTION = YES;
				GCC_WARN_UNUSED_VARIABLE = YES;
				IPHONEOS_DEPLOYMENT_TARGET = 9.3;
				MTL_ENABLE_DEBUG_INFO = YES;
				ONLY_ACTIVE_ARCH = YES;
				SDKROOT = iphoneos;
				TARGETED_DEVICE_FAMILY = "1,2";
			};
			name = Debug;
		};
		3651BB771D0742E200668596 /* Release */ = {
			isa = XCBuildConfiguration;
			buildSettings = {
				ALWAYS_SEARCH_USER_PATHS = NO;
				CLANG_ANALYZER_NONNULL = YES;
				CLANG_CXX_LANGUAGE_STANDARD = "gnu++0x";
				CLANG_CXX_LIBRARY = "libc++";
				CLANG_ENABLE_MODULES = YES;
				CLANG_ENABLE_OBJC_ARC = YES;
				CLANG_WARN_BOOL_CONVERSION = YES;
				CLANG_WARN_CONSTANT_CONVERSION = YES;
				CLANG_WARN_DIRECT_OBJC_ISA_USAGE = YES_ERROR;
				CLANG_WARN_EMPTY_BODY = YES;
				CLANG_WARN_ENUM_CONVERSION = YES;
				CLANG_WARN_INT_CONVERSION = YES;
				CLANG_WARN_OBJC_ROOT_CLASS = YES_ERROR;
				CLANG_WARN_UNREACHABLE_CODE = YES;
				CLANG_WARN__DUPLICATE_METHOD_MATCH = YES;
				"CODE_SIGN_IDENTITY[sdk=iphoneos*]" = "iPhone Developer";
				COPY_PHASE_STRIP = NO;
				DEBUG_INFORMATION_FORMAT = "dwarf-with-dsym";
				ENABLE_NS_ASSERTIONS = NO;
				ENABLE_STRICT_OBJC_MSGSEND = YES;
				GCC_C_LANGUAGE_STANDARD = gnu99;
				GCC_NO_COMMON_BLOCKS = YES;
				GCC_WARN_64_TO_32_BIT_CONVERSION = YES;
				GCC_WARN_ABOUT_RETURN_TYPE = YES_ERROR;
				GCC_WARN_UNDECLARED_SELECTOR = YES;
				GCC_WARN_UNINITIALIZED_AUTOS = YES_AGGRESSIVE;
				GCC_WARN_UNUSED_FUNCTION = YES;
				GCC_WARN_UNUSED_VARIABLE = YES;
				IPHONEOS_DEPLOYMENT_TARGET = 9.3;
				MTL_ENABLE_DEBUG_INFO = NO;
				SDKROOT = iphoneos;
				TARGETED_DEVICE_FAMILY = "1,2";
				VALIDATE_PRODUCT = YES;
			};
			name = Release;
		};
		3651BB791D0742E200668596 /* Debug */ = {
			isa = XCBuildConfiguration;
			buildSettings = {
				ASSETCATALOG_COMPILER_APPICON_NAME = AppIcon;
				INFOPLIST_FILE = StaticCells/Info.plist;
				LD_RUNPATH_SEARCH_PATHS = "$(inherited) @executable_path/Frameworks";
				PRODUCT_BUNDLE_IDENTIFIER = "john-richardson.StaticCells";
				PRODUCT_NAME = "$(TARGET_NAME)";
			};
			name = Debug;
		};
		3651BB7A1D0742E200668596 /* Release */ = {
			isa = XCBuildConfiguration;
			buildSettings = {
				ASSETCATALOG_COMPILER_APPICON_NAME = AppIcon;
				INFOPLIST_FILE = StaticCells/Info.plist;
				LD_RUNPATH_SEARCH_PATHS = "$(inherited) @executable_path/Frameworks";
				PRODUCT_BUNDLE_IDENTIFIER = "john-richardson.StaticCells";
				PRODUCT_NAME = "$(TARGET_NAME)";
			};
			name = Release;
		};
		3651BB7C1D0742E200668596 /* Debug */ = {
			isa = XCBuildConfiguration;
			buildSettings = {
				BUNDLE_LOADER = "$(TEST_HOST)";
				INFOPLIST_FILE = StaticCellsTests/Info.plist;
				LD_RUNPATH_SEARCH_PATHS = "$(inherited) @executable_path/Frameworks @loader_path/Frameworks";
				PRODUCT_BUNDLE_IDENTIFIER = "john-richardson.StaticCellsTests";
				PRODUCT_NAME = "$(TARGET_NAME)";
				TEST_HOST = "$(BUILT_PRODUCTS_DIR)/StaticCells.app/StaticCells";
			};
			name = Debug;
		};
		3651BB7D1D0742E200668596 /* Release */ = {
			isa = XCBuildConfiguration;
			buildSettings = {
				BUNDLE_LOADER = "$(TEST_HOST)";
				INFOPLIST_FILE = StaticCellsTests/Info.plist;
				LD_RUNPATH_SEARCH_PATHS = "$(inherited) @executable_path/Frameworks @loader_path/Frameworks";
				PRODUCT_BUNDLE_IDENTIFIER = "john-richardson.StaticCellsTests";
				PRODUCT_NAME = "$(TARGET_NAME)";
				TEST_HOST = "$(BUILT_PRODUCTS_DIR)/StaticCells.app/StaticCells";
			};
			name = Release;
		};
		3651BB7F1D0742E200668596 /* Debug */ = {
			isa = XCBuildConfiguration;
			buildSettings = {
				INFOPLIST_FILE = StaticCellsUITests/Info.plist;
				LD_RUNPATH_SEARCH_PATHS = "$(inherited) @executable_path/Frameworks @loader_path/Frameworks";
				PRODUCT_BUNDLE_IDENTIFIER = "john-richardson.StaticCellsUITests";
				PRODUCT_NAME = "$(TARGET_NAME)";
				TEST_TARGET_NAME = StaticCells;
			};
			name = Debug;
		};
		3651BB801D0742E200668596 /* Release */ = {
			isa = XCBuildConfiguration;
			buildSettings = {
				INFOPLIST_FILE = StaticCellsUITests/Info.plist;
				LD_RUNPATH_SEARCH_PATHS = "$(inherited) @executable_path/Frameworks @loader_path/Frameworks";
				PRODUCT_BUNDLE_IDENTIFIER = "john-richardson.StaticCellsUITests";
				PRODUCT_NAME = "$(TARGET_NAME)";
				TEST_TARGET_NAME = StaticCells;
			};
			name = Release;
		};
/* End XCBuildConfiguration section */

/* Begin XCConfigurationList section */
		3651BB461D0742E100668596 /* Build configuration list for PBXProject "StaticCells" */ = {
			isa = XCConfigurationList;
			buildConfigurations = (
				3651BB761D0742E200668596 /* Debug */,
				3651BB771D0742E200668596 /* Release */,
			);
			defaultConfigurationIsVisible = 0;
			defaultConfigurationName = Release;
		};
		3651BB781D0742E200668596 /* Build configuration list for PBXNativeTarget "StaticCells" */ = {
			isa = XCConfigurationList;
			buildConfigurations = (
				3651BB791D0742E200668596 /* Debug */,
				3651BB7A1D0742E200668596 /* Release */,
			);
			defaultConfigurationIsVisible = 0;
		};
		3651BB7B1D0742E200668596 /* Build configuration list for PBXNativeTarget "StaticCellsTests" */ = {
			isa = XCConfigurationList;
			buildConfigurations = (
				3651BB7C1D0742E200668596 /* Debug */,
				3651BB7D1D0742E200668596 /* Release */,
			);
			defaultConfigurationIsVisible = 0;
		};
		3651BB7E1D0742E200668596 /* Build configuration list for PBXNativeTarget "StaticCellsUITests" */ = {
			isa = XCConfigurationList;
			buildConfigurations = (
				3651BB7F1D0742E200668596 /* Debug */,
				3651BB801D0742E200668596 /* Release */,
			);
			defaultConfigurationIsVisible = 0;
		};
/* End XCConfigurationList section */
	};
	rootObject = 3651BB431D0742E100668596 /* Project object */;
}
